// !$*UTF8*$!
{
	archiveVersion = 1;
	classes = {
	};
	objectVersion = 50;
	objects = {

/* Begin PBXBuildFile section */
		B923225721A4CA0400FB6572 /* TableInterfaceController.m in Sources */ = {isa = PBXBuildFile; fileRef = B923225321A4CA0400FB6572 /* TableInterfaceController.m */; };
		B923225821A4CA0400FB6572 /* PlanetaryHourRowController.m in Sources */ = {isa = PBXBuildFile; fileRef = B923225521A4CA0400FB6572 /* PlanetaryHourRowController.m */; };
		B9282FE321A24CDD00038223 /* Interface.storyboard in Resources */ = {isa = PBXBuildFile; fileRef = B9ACC08A21A0E3A900574C3F /* Interface.storyboard */; };
		B9282FE821A26CFA00038223 /* PlanetaryHourDataSource.m in Sources */ = {isa = PBXBuildFile; fileRef = B9282FE721A26CFA00038223 /* PlanetaryHourDataSource.m */; };
		B9ACC07421A0E3A800574C3F /* AppDelegate.m in Sources */ = {isa = PBXBuildFile; fileRef = B9ACC07321A0E3A800574C3F /* AppDelegate.m */; };
		B9ACC07721A0E3A800574C3F /* ViewController.m in Sources */ = {isa = PBXBuildFile; fileRef = B9ACC07621A0E3A800574C3F /* ViewController.m */; };
		B9ACC07A21A0E3A800574C3F /* Main.storyboard in Resources */ = {isa = PBXBuildFile; fileRef = B9ACC07821A0E3A800574C3F /* Main.storyboard */; };
		B9ACC07C21A0E3A900574C3F /* Assets.xcassets in Resources */ = {isa = PBXBuildFile; fileRef = B9ACC07B21A0E3A900574C3F /* Assets.xcassets */; };
		B9ACC07F21A0E3A900574C3F /* LaunchScreen.storyboard in Resources */ = {isa = PBXBuildFile; fileRef = B9ACC07D21A0E3A900574C3F /* LaunchScreen.storyboard */; };
		B9ACC08221A0E3A900574C3F /* main.m in Sources */ = {isa = PBXBuildFile; fileRef = B9ACC08121A0E3A900574C3F /* main.m */; };
		B9ACC08621A0E3A900574C3F /* PlanetaryHourClock WatchKit App.app in Embed Watch Content */ = {isa = PBXBuildFile; fileRef = B9ACC08521A0E3A900574C3F /* PlanetaryHourClock WatchKit App.app */; };
		B9ACC08C21A0E3A900574C3F /* Interface.storyboard in Resources */ = {isa = PBXBuildFile; fileRef = B9ACC08A21A0E3A900574C3F /* Interface.storyboard */; };
		B9ACC08E21A0E3A900574C3F /* Assets.xcassets in Resources */ = {isa = PBXBuildFile; fileRef = B9ACC08D21A0E3A900574C3F /* Assets.xcassets */; };
		B9ACC09521A0E3A900574C3F /* PlanetaryHourClock WatchKit Extension.appex in Embed App Extensions */ = {isa = PBXBuildFile; fileRef = B9ACC09421A0E3A900574C3F /* PlanetaryHourClock WatchKit Extension.appex */; settings = {ATTRIBUTES = (RemoveHeadersOnCopy, ); }; };
		B9ACC09E21A0E3A900574C3F /* ExtensionDelegate.m in Sources */ = {isa = PBXBuildFile; fileRef = B9ACC09D21A0E3A900574C3F /* ExtensionDelegate.m */; };
		B9ACC0A121A0E3A900574C3F /* NotificationController.m in Sources */ = {isa = PBXBuildFile; fileRef = B9ACC0A021A0E3A900574C3F /* NotificationController.m */; };
		B9ACC0A421A0E3A900574C3F /* ComplicationController.m in Sources */ = {isa = PBXBuildFile; fileRef = B9ACC0A321A0E3A900574C3F /* ComplicationController.m */; };
		B9ACC0A621A0E3AA00574C3F /* Assets.xcassets in Resources */ = {isa = PBXBuildFile; fileRef = B9ACC0A521A0E3AA00574C3F /* Assets.xcassets */; };
		B9ACC0B821A0E60100574C3F /* FESSolarCalculator.m in Sources */ = {isa = PBXBuildFile; fileRef = B9ACC0B621A0E60100574C3F /* FESSolarCalculator.m */; };
		B9F23BD221A3044C0032D2DB /* CoreLocation.framework in Frameworks */ = {isa = PBXBuildFile; fileRef = B9F23BD121A3044C0032D2DB /* CoreLocation.framework */; };
/* End PBXBuildFile section */

/* Begin PBXContainerItemProxy section */
		B9ACC08721A0E3A900574C3F /* PBXContainerItemProxy */ = {
			isa = PBXContainerItemProxy;
			containerPortal = B9ACC06721A0E3A800574C3F /* Project object */;
			proxyType = 1;
			remoteGlobalIDString = B9ACC08421A0E3A900574C3F;
			remoteInfo = "PlanetaryHourClock WatchKit App";
		};
		B9ACC09621A0E3A900574C3F /* PBXContainerItemProxy */ = {
			isa = PBXContainerItemProxy;
			containerPortal = B9ACC06721A0E3A800574C3F /* Project object */;
			proxyType = 1;
			remoteGlobalIDString = B9ACC09321A0E3A900574C3F;
			remoteInfo = "PlanetaryHourClock WatchKit Extension";
		};
/* End PBXContainerItemProxy section */

/* Begin PBXCopyFilesBuildPhase section */
		B9ACC0AE21A0E3AA00574C3F /* Embed App Extensions */ = {
			isa = PBXCopyFilesBuildPhase;
			buildActionMask = 2147483647;
			dstPath = "";
			dstSubfolderSpec = 13;
			files = (
				B9ACC09521A0E3A900574C3F /* PlanetaryHourClock WatchKit Extension.appex in Embed App Extensions */,
			);
			name = "Embed App Extensions";
			runOnlyForDeploymentPostprocessing = 0;
		};
		B9ACC0B221A0E3AA00574C3F /* Embed Watch Content */ = {
			isa = PBXCopyFilesBuildPhase;
			buildActionMask = 2147483647;
			dstPath = "$(CONTENTS_FOLDER_PATH)/Watch";
			dstSubfolderSpec = 16;
			files = (
				B9ACC08621A0E3A900574C3F /* PlanetaryHourClock WatchKit App.app in Embed Watch Content */,
			);
			name = "Embed Watch Content";
			runOnlyForDeploymentPostprocessing = 0;
		};
/* End PBXCopyFilesBuildPhase section */

/* Begin PBXFileReference section */
		B923225321A4CA0400FB6572 /* TableInterfaceController.m */ = {isa = PBXFileReference; fileEncoding = 4; lastKnownFileType = sourcecode.c.objc; path = TableInterfaceController.m; sourceTree = "<group>"; wrapsLines = 0; };
		B923225421A4CA0400FB6572 /* PlanetaryHourRowController.h */ = {isa = PBXFileReference; fileEncoding = 4; lastKnownFileType = sourcecode.c.h; path = PlanetaryHourRowController.h; sourceTree = "<group>"; wrapsLines = 0; };
		B923225521A4CA0400FB6572 /* PlanetaryHourRowController.m */ = {isa = PBXFileReference; fileEncoding = 4; lastKnownFileType = sourcecode.c.objc; path = PlanetaryHourRowController.m; sourceTree = "<group>"; wrapsLines = 0; };
		B923225621A4CA0400FB6572 /* TableInterfaceController.h */ = {isa = PBXFileReference; fileEncoding = 4; lastKnownFileType = sourcecode.c.h; path = TableInterfaceController.h; sourceTree = "<group>"; wrapsLines = 0; };
		B9282FE621A26CFA00038223 /* PlanetaryHourDataSource.h */ = {isa = PBXFileReference; lastKnownFileType = sourcecode.c.h; path = PlanetaryHourDataSource.h; sourceTree = "<group>"; wrapsLines = 0; };
		B9282FE721A26CFA00038223 /* PlanetaryHourDataSource.m */ = {isa = PBXFileReference; lastKnownFileType = sourcecode.c.objc; path = PlanetaryHourDataSource.m; sourceTree = "<group>"; wrapsLines = 0; };
		B9ACC06F21A0E3A800574C3F /* PlanetaryHourClock.app */ = {isa = PBXFileReference; explicitFileType = wrapper.application; includeInIndex = 0; path = PlanetaryHourClock.app; sourceTree = BUILT_PRODUCTS_DIR; };
		B9ACC07221A0E3A800574C3F /* AppDelegate.h */ = {isa = PBXFileReference; lastKnownFileType = sourcecode.c.h; path = AppDelegate.h; sourceTree = "<group>"; };
		B9ACC07321A0E3A800574C3F /* AppDelegate.m */ = {isa = PBXFileReference; lastKnownFileType = sourcecode.c.objc; path = AppDelegate.m; sourceTree = "<group>"; };
		B9ACC07521A0E3A800574C3F /* ViewController.h */ = {isa = PBXFileReference; lastKnownFileType = sourcecode.c.h; path = ViewController.h; sourceTree = "<group>"; };
		B9ACC07621A0E3A800574C3F /* ViewController.m */ = {isa = PBXFileReference; lastKnownFileType = sourcecode.c.objc; path = ViewController.m; sourceTree = "<group>"; };
		B9ACC07921A0E3A800574C3F /* Base */ = {isa = PBXFileReference; lastKnownFileType = file.storyboard; name = Base; path = Base.lproj/Main.storyboard; sourceTree = "<group>"; };
		B9ACC07B21A0E3A900574C3F /* Assets.xcassets */ = {isa = PBXFileReference; lastKnownFileType = folder.assetcatalog; path = Assets.xcassets; sourceTree = "<group>"; };
		B9ACC07E21A0E3A900574C3F /* Base */ = {isa = PBXFileReference; lastKnownFileType = file.storyboard; name = Base; path = Base.lproj/LaunchScreen.storyboard; sourceTree = "<group>"; };
		B9ACC08021A0E3A900574C3F /* Info.plist */ = {isa = PBXFileReference; lastKnownFileType = text.plist.xml; path = Info.plist; sourceTree = "<group>"; };
		B9ACC08121A0E3A900574C3F /* main.m */ = {isa = PBXFileReference; lastKnownFileType = sourcecode.c.objc; path = main.m; sourceTree = "<group>"; };
		B9ACC08521A0E3A900574C3F /* PlanetaryHourClock WatchKit App.app */ = {isa = PBXFileReference; explicitFileType = wrapper.application; includeInIndex = 0; path = "PlanetaryHourClock WatchKit App.app"; sourceTree = BUILT_PRODUCTS_DIR; };
		B9ACC08B21A0E3A900574C3F /* Base */ = {isa = PBXFileReference; lastKnownFileType = file.storyboard; name = Base; path = Base.lproj/Interface.storyboard; sourceTree = "<group>"; };
		B9ACC08D21A0E3A900574C3F /* Assets.xcassets */ = {isa = PBXFileReference; lastKnownFileType = folder.assetcatalog; path = Assets.xcassets; sourceTree = "<group>"; };
		B9ACC08F21A0E3A900574C3F /* Info.plist */ = {isa = PBXFileReference; lastKnownFileType = text.plist.xml; path = Info.plist; sourceTree = "<group>"; };
		B9ACC09421A0E3A900574C3F /* PlanetaryHourClock WatchKit Extension.appex */ = {isa = PBXFileReference; explicitFileType = "wrapper.app-extension"; includeInIndex = 0; path = "PlanetaryHourClock WatchKit Extension.appex"; sourceTree = BUILT_PRODUCTS_DIR; };
		B9ACC09C21A0E3A900574C3F /* ExtensionDelegate.h */ = {isa = PBXFileReference; lastKnownFileType = sourcecode.c.h; path = ExtensionDelegate.h; sourceTree = "<group>"; };
		B9ACC09D21A0E3A900574C3F /* ExtensionDelegate.m */ = {isa = PBXFileReference; lastKnownFileType = sourcecode.c.objc; path = ExtensionDelegate.m; sourceTree = "<group>"; };
		B9ACC09F21A0E3A900574C3F /* NotificationController.h */ = {isa = PBXFileReference; lastKnownFileType = sourcecode.c.h; path = NotificationController.h; sourceTree = "<group>"; };
		B9ACC0A021A0E3A900574C3F /* NotificationController.m */ = {isa = PBXFileReference; lastKnownFileType = sourcecode.c.objc; path = NotificationController.m; sourceTree = "<group>"; wrapsLines = 0; };
		B9ACC0A221A0E3A900574C3F /* ComplicationController.h */ = {isa = PBXFileReference; lastKnownFileType = sourcecode.c.h; path = ComplicationController.h; sourceTree = "<group>"; };
		B9ACC0A321A0E3A900574C3F /* ComplicationController.m */ = {isa = PBXFileReference; lastKnownFileType = sourcecode.c.objc; path = ComplicationController.m; sourceTree = "<group>"; wrapsLines = 0; };
		B9ACC0A521A0E3AA00574C3F /* Assets.xcassets */ = {isa = PBXFileReference; lastKnownFileType = folder.assetcatalog; path = Assets.xcassets; sourceTree = "<group>"; };
		B9ACC0A721A0E3AA00574C3F /* Info.plist */ = {isa = PBXFileReference; lastKnownFileType = text.plist.xml; path = Info.plist; sourceTree = "<group>"; };
		B9ACC0A821A0E3AA00574C3F /* PushNotificationPayload.apns */ = {isa = PBXFileReference; lastKnownFileType = text; path = PushNotificationPayload.apns; sourceTree = "<group>"; };
		B9ACC0B621A0E60100574C3F /* FESSolarCalculator.m */ = {isa = PBXFileReference; fileEncoding = 4; lastKnownFileType = sourcecode.c.objc; path = FESSolarCalculator.m; sourceTree = "<group>"; wrapsLines = 0; };
		B9ACC0B721A0E60100574C3F /* FESSolarCalculator.h */ = {isa = PBXFileReference; fileEncoding = 4; lastKnownFileType = sourcecode.c.h; path = FESSolarCalculator.h; sourceTree = "<group>"; };
		B9F23BD121A3044C0032D2DB /* CoreLocation.framework */ = {isa = PBXFileReference; lastKnownFileType = wrapper.framework; name = CoreLocation.framework; path = Platforms/WatchOS.platform/Developer/SDKs/WatchOS5.1.sdk/System/Library/Frameworks/CoreLocation.framework; sourceTree = DEVELOPER_DIR; };
/* End PBXFileReference section */

/* Begin PBXFrameworksBuildPhase section */
		B9ACC06C21A0E3A800574C3F /* Frameworks */ = {
			isa = PBXFrameworksBuildPhase;
			buildActionMask = 2147483647;
			files = (
			);
			runOnlyForDeploymentPostprocessing = 0;
		};
		B9ACC09121A0E3A900574C3F /* Frameworks */ = {
			isa = PBXFrameworksBuildPhase;
			buildActionMask = 2147483647;
			files = (
				B9F23BD221A3044C0032D2DB /* CoreLocation.framework in Frameworks */,
			);
			runOnlyForDeploymentPostprocessing = 0;
		};
/* End PBXFrameworksBuildPhase section */

/* Begin PBXGroup section */
		B9ACC06621A0E3A800574C3F = {
			isa = PBXGroup;
			children = (
				B9ACC07121A0E3A800574C3F /* PlanetaryHourClock */,
				B9ACC08921A0E3A900574C3F /* PlanetaryHourClock WatchKit App */,
				B9ACC09821A0E3A900574C3F /* PlanetaryHourClock WatchKit Extension */,
				B9ACC07021A0E3A800574C3F /* Products */,
				B9F23BD021A3044B0032D2DB /* Frameworks */,
			);
			sourceTree = "<group>";
		};
		B9ACC07021A0E3A800574C3F /* Products */ = {
			isa = PBXGroup;
			children = (
				B9ACC06F21A0E3A800574C3F /* PlanetaryHourClock.app */,
				B9ACC08521A0E3A900574C3F /* PlanetaryHourClock WatchKit App.app */,
				B9ACC09421A0E3A900574C3F /* PlanetaryHourClock WatchKit Extension.appex */,
			);
			name = Products;
			sourceTree = "<group>";
		};
		B9ACC07121A0E3A800574C3F /* PlanetaryHourClock */ = {
			isa = PBXGroup;
			children = (
				B9ACC07221A0E3A800574C3F /* AppDelegate.h */,
				B9ACC07321A0E3A800574C3F /* AppDelegate.m */,
				B9ACC07521A0E3A800574C3F /* ViewController.h */,
				B9ACC07621A0E3A800574C3F /* ViewController.m */,
				B9ACC07821A0E3A800574C3F /* Main.storyboard */,
				B9ACC07B21A0E3A900574C3F /* Assets.xcassets */,
				B9ACC07D21A0E3A900574C3F /* LaunchScreen.storyboard */,
				B9ACC08021A0E3A900574C3F /* Info.plist */,
				B9ACC08121A0E3A900574C3F /* main.m */,
			);
			path = PlanetaryHourClock;
			sourceTree = "<group>";
		};
		B9ACC08921A0E3A900574C3F /* PlanetaryHourClock WatchKit App */ = {
			isa = PBXGroup;
			children = (
				B9ACC08A21A0E3A900574C3F /* Interface.storyboard */,
				B9ACC08D21A0E3A900574C3F /* Assets.xcassets */,
				B9ACC08F21A0E3A900574C3F /* Info.plist */,
			);
			path = "PlanetaryHourClock WatchKit App";
			sourceTree = "<group>";
		};
		B9ACC09821A0E3A900574C3F /* PlanetaryHourClock WatchKit Extension */ = {
			isa = PBXGroup;
			children = (
				B923225421A4CA0400FB6572 /* PlanetaryHourRowController.h */,
				B923225521A4CA0400FB6572 /* PlanetaryHourRowController.m */,
				B923225621A4CA0400FB6572 /* TableInterfaceController.h */,
				B923225321A4CA0400FB6572 /* TableInterfaceController.m */,
				B9ACC09C21A0E3A900574C3F /* ExtensionDelegate.h */,
				B9ACC09D21A0E3A900574C3F /* ExtensionDelegate.m */,
				B9ACC09F21A0E3A900574C3F /* NotificationController.h */,
				B9ACC0A021A0E3A900574C3F /* NotificationController.m */,
				B9ACC0B721A0E60100574C3F /* FESSolarCalculator.h */,
				B9ACC0B621A0E60100574C3F /* FESSolarCalculator.m */,
				B9282FE621A26CFA00038223 /* PlanetaryHourDataSource.h */,
				B9282FE721A26CFA00038223 /* PlanetaryHourDataSource.m */,
				B9ACC0A221A0E3A900574C3F /* ComplicationController.h */,
				B9ACC0A321A0E3A900574C3F /* ComplicationController.m */,
				B9ACC0A521A0E3AA00574C3F /* Assets.xcassets */,
				B9ACC0A721A0E3AA00574C3F /* Info.plist */,
				B9ACC0A821A0E3AA00574C3F /* PushNotificationPayload.apns */,
			);
			path = "PlanetaryHourClock WatchKit Extension";
			sourceTree = "<group>";
		};
		B9F23BD021A3044B0032D2DB /* Frameworks */ = {
			isa = PBXGroup;
			children = (
				B9F23BD121A3044C0032D2DB /* CoreLocation.framework */,
			);
			name = Frameworks;
			sourceTree = "<group>";
		};
/* End PBXGroup section */

/* Begin PBXNativeTarget section */
		B9ACC06E21A0E3A800574C3F /* PlanetaryHourClock */ = {
			isa = PBXNativeTarget;
			buildConfigurationList = B9ACC0B321A0E3AA00574C3F /* Build configuration list for PBXNativeTarget "PlanetaryHourClock" */;
			buildPhases = (
				B9ACC06B21A0E3A800574C3F /* Sources */,
				B9ACC06C21A0E3A800574C3F /* Frameworks */,
				B9ACC06D21A0E3A800574C3F /* Resources */,
				B9ACC0B221A0E3AA00574C3F /* Embed Watch Content */,
			);
			buildRules = (
			);
			dependencies = (
				B9ACC08821A0E3A900574C3F /* PBXTargetDependency */,
			);
			name = PlanetaryHourClock;
			productName = PlanetaryHourClock;
			productReference = B9ACC06F21A0E3A800574C3F /* PlanetaryHourClock.app */;
			productType = "com.apple.product-type.application";
		};
		B9ACC08421A0E3A900574C3F /* PlanetaryHourClock WatchKit App */ = {
			isa = PBXNativeTarget;
			buildConfigurationList = B9ACC0AF21A0E3AA00574C3F /* Build configuration list for PBXNativeTarget "PlanetaryHourClock WatchKit App" */;
			buildPhases = (
				B9ACC08321A0E3A900574C3F /* Resources */,
				B9ACC0AE21A0E3AA00574C3F /* Embed App Extensions */,
			);
			buildRules = (
			);
			dependencies = (
				B9ACC09721A0E3A900574C3F /* PBXTargetDependency */,
			);
			name = "PlanetaryHourClock WatchKit App";
			productName = "PlanetaryHourClock WatchKit App";
			productReference = B9ACC08521A0E3A900574C3F /* PlanetaryHourClock WatchKit App.app */;
			productType = "com.apple.product-type.application.watchapp2";
		};
		B9ACC09321A0E3A900574C3F /* PlanetaryHourClock WatchKit Extension */ = {
			isa = PBXNativeTarget;
			buildConfigurationList = B9ACC0AB21A0E3AA00574C3F /* Build configuration list for PBXNativeTarget "PlanetaryHourClock WatchKit Extension" */;
			buildPhases = (
				B9ACC09021A0E3A900574C3F /* Sources */,
				B9ACC09121A0E3A900574C3F /* Frameworks */,
				B9ACC09221A0E3A900574C3F /* Resources */,
			);
			buildRules = (
			);
			dependencies = (
			);
			name = "PlanetaryHourClock WatchKit Extension";
			productName = "PlanetaryHourClock WatchKit Extension";
			productReference = B9ACC09421A0E3A900574C3F /* PlanetaryHourClock WatchKit Extension.appex */;
			productType = "com.apple.product-type.watchkit2-extension";
		};
/* End PBXNativeTarget section */

/* Begin PBXProject section */
		B9ACC06721A0E3A800574C3F /* Project object */ = {
			isa = PBXProject;
			attributes = {
				LastUpgradeCheck = 1010;
				ORGANIZATIONNAME = "The Life of a Demoniac";
				TargetAttributes = {
					B9ACC06E21A0E3A800574C3F = {
						CreatedOnToolsVersion = 10.1;
					};
					B9ACC08421A0E3A900574C3F = {
						CreatedOnToolsVersion = 10.1;
					};
					B9ACC09321A0E3A900574C3F = {
						CreatedOnToolsVersion = 10.1;
					};
				};
			};
			buildConfigurationList = B9ACC06A21A0E3A800574C3F /* Build configuration list for PBXProject "PlanetaryHourClock" */;
			compatibilityVersion = "Xcode 9.3";
			developmentRegion = en;
			hasScannedForEncodings = 0;
			knownRegions = (
				en,
				Base,
			);
			mainGroup = B9ACC06621A0E3A800574C3F;
			productRefGroup = B9ACC07021A0E3A800574C3F /* Products */;
			projectDirPath = "";
			projectRoot = "";
			targets = (
				B9ACC06E21A0E3A800574C3F /* PlanetaryHourClock */,
				B9ACC08421A0E3A900574C3F /* PlanetaryHourClock WatchKit App */,
				B9ACC09321A0E3A900574C3F /* PlanetaryHourClock WatchKit Extension */,
			);
		};
/* End PBXProject section */

/* Begin PBXResourcesBuildPhase section */
		B9ACC06D21A0E3A800574C3F /* Resources */ = {
			isa = PBXResourcesBuildPhase;
			buildActionMask = 2147483647;
			files = (
				B9ACC07F21A0E3A900574C3F /* LaunchScreen.storyboard in Resources */,
				B9ACC07C21A0E3A900574C3F /* Assets.xcassets in Resources */,
				B9ACC07A21A0E3A800574C3F /* Main.storyboard in Resources */,
			);
			runOnlyForDeploymentPostprocessing = 0;
		};
		B9ACC08321A0E3A900574C3F /* Resources */ = {
			isa = PBXResourcesBuildPhase;
			buildActionMask = 2147483647;
			files = (
				B9ACC08E21A0E3A900574C3F /* Assets.xcassets in Resources */,
				B9ACC08C21A0E3A900574C3F /* Interface.storyboard in Resources */,
			);
			runOnlyForDeploymentPostprocessing = 0;
		};
		B9ACC09221A0E3A900574C3F /* Resources */ = {
			isa = PBXResourcesBuildPhase;
			buildActionMask = 2147483647;
			files = (
				B9282FE321A24CDD00038223 /* Interface.storyboard in Resources */,
				B9ACC0A621A0E3AA00574C3F /* Assets.xcassets in Resources */,
			);
			runOnlyForDeploymentPostprocessing = 0;
		};
/* End PBXResourcesBuildPhase section */

/* Begin PBXSourcesBuildPhase section */
		B9ACC06B21A0E3A800574C3F /* Sources */ = {
			isa = PBXSourcesBuildPhase;
			buildActionMask = 2147483647;
			files = (
				B9ACC07721A0E3A800574C3F /* ViewController.m in Sources */,
				B9ACC08221A0E3A900574C3F /* main.m in Sources */,
				B9ACC07421A0E3A800574C3F /* AppDelegate.m in Sources */,
			);
			runOnlyForDeploymentPostprocessing = 0;
		};
		B9ACC09021A0E3A900574C3F /* Sources */ = {
			isa = PBXSourcesBuildPhase;
			buildActionMask = 2147483647;
			files = (
				B9ACC09E21A0E3A900574C3F /* ExtensionDelegate.m in Sources */,
				B923225821A4CA0400FB6572 /* PlanetaryHourRowController.m in Sources */,
				B9ACC0B821A0E60100574C3F /* FESSolarCalculator.m in Sources */,
				B9ACC0A421A0E3A900574C3F /* ComplicationController.m in Sources */,
				B923225721A4CA0400FB6572 /* TableInterfaceController.m in Sources */,
				B9ACC0A121A0E3A900574C3F /* NotificationController.m in Sources */,
				B9282FE821A26CFA00038223 /* PlanetaryHourDataSource.m in Sources */,
			);
			runOnlyForDeploymentPostprocessing = 0;
		};
/* End PBXSourcesBuildPhase section */

/* Begin PBXTargetDependency section */
		B9ACC08821A0E3A900574C3F /* PBXTargetDependency */ = {
			isa = PBXTargetDependency;
			target = B9ACC08421A0E3A900574C3F /* PlanetaryHourClock WatchKit App */;
			targetProxy = B9ACC08721A0E3A900574C3F /* PBXContainerItemProxy */;
		};
		B9ACC09721A0E3A900574C3F /* PBXTargetDependency */ = {
			isa = PBXTargetDependency;
			target = B9ACC09321A0E3A900574C3F /* PlanetaryHourClock WatchKit Extension */;
			targetProxy = B9ACC09621A0E3A900574C3F /* PBXContainerItemProxy */;
		};
/* End PBXTargetDependency section */

/* Begin PBXVariantGroup section */
		B9ACC07821A0E3A800574C3F /* Main.storyboard */ = {
			isa = PBXVariantGroup;
			children = (
				B9ACC07921A0E3A800574C3F /* Base */,
			);
			name = Main.storyboard;
			sourceTree = "<group>";
		};
		B9ACC07D21A0E3A900574C3F /* LaunchScreen.storyboard */ = {
			isa = PBXVariantGroup;
			children = (
				B9ACC07E21A0E3A900574C3F /* Base */,
			);
			name = LaunchScreen.storyboard;
			sourceTree = "<group>";
		};
		B9ACC08A21A0E3A900574C3F /* Interface.storyboard */ = {
			isa = PBXVariantGroup;
			children = (
				B9ACC08B21A0E3A900574C3F /* Base */,
			);
			name = Interface.storyboard;
			sourceTree = "<group>";
		};
/* End PBXVariantGroup section */

/* Begin XCBuildConfiguration section */
		B9ACC0A921A0E3AA00574C3F /* Debug */ = {
			isa = XCBuildConfiguration;
			buildSettings = {
				ALWAYS_SEARCH_USER_PATHS = NO;
				CLANG_ANALYZER_NONNULL = YES;
				CLANG_ANALYZER_NUMBER_OBJECT_CONVERSION = YES_AGGRESSIVE;
				CLANG_CXX_LANGUAGE_STANDARD = "gnu++14";
				CLANG_CXX_LIBRARY = "libc++";
				CLANG_ENABLE_MODULES = YES;
				CLANG_ENABLE_OBJC_ARC = YES;
				CLANG_ENABLE_OBJC_WEAK = YES;
				CLANG_WARN_BLOCK_CAPTURE_AUTORELEASING = YES;
				CLANG_WARN_BOOL_CONVERSION = YES;
				CLANG_WARN_COMMA = YES;
				CLANG_WARN_CONSTANT_CONVERSION = YES;
				CLANG_WARN_DEPRECATED_OBJC_IMPLEMENTATIONS = YES;
				CLANG_WARN_DIRECT_OBJC_ISA_USAGE = YES_ERROR;
				CLANG_WARN_DOCUMENTATION_COMMENTS = YES;
				CLANG_WARN_EMPTY_BODY = YES;
				CLANG_WARN_ENUM_CONVERSION = YES;
				CLANG_WARN_INFINITE_RECURSION = YES;
				CLANG_WARN_INT_CONVERSION = YES;
				CLANG_WARN_NON_LITERAL_NULL_CONVERSION = YES;
				CLANG_WARN_OBJC_IMPLICIT_RETAIN_SELF = YES;
				CLANG_WARN_OBJC_LITERAL_CONVERSION = YES;
				CLANG_WARN_OBJC_ROOT_CLASS = YES_ERROR;
				CLANG_WARN_RANGE_LOOP_ANALYSIS = YES;
				CLANG_WARN_STRICT_PROTOTYPES = YES;
				CLANG_WARN_SUSPICIOUS_MOVE = YES;
				CLANG_WARN_UNGUARDED_AVAILABILITY = YES_AGGRESSIVE;
				CLANG_WARN_UNREACHABLE_CODE = YES;
				CLANG_WARN__DUPLICATE_METHOD_MATCH = YES;
				CODE_SIGN_IDENTITY = "iPhone Developer";
				COPY_PHASE_STRIP = NO;
				DEBUG_INFORMATION_FORMAT = dwarf;
				ENABLE_STRICT_OBJC_MSGSEND = YES;
				ENABLE_TESTABILITY = YES;
				GCC_C_LANGUAGE_STANDARD = gnu11;
				GCC_DYNAMIC_NO_PIC = NO;
				GCC_NO_COMMON_BLOCKS = YES;
				GCC_OPTIMIZATION_LEVEL = 0;
				GCC_PREPROCESSOR_DEFINITIONS = (
					"DEBUG=1",
					"$(inherited)",
				);
				GCC_WARN_64_TO_32_BIT_CONVERSION = YES;
				GCC_WARN_ABOUT_RETURN_TYPE = YES_ERROR;
				GCC_WARN_UNDECLARED_SELECTOR = YES;
				GCC_WARN_UNINITIALIZED_AUTOS = YES_AGGRESSIVE;
				GCC_WARN_UNUSED_FUNCTION = YES;
				GCC_WARN_UNUSED_VARIABLE = YES;
				IPHONEOS_DEPLOYMENT_TARGET = 12.1;
				MTL_ENABLE_DEBUG_INFO = INCLUDE_SOURCE;
				MTL_FAST_MATH = YES;
				ONLY_ACTIVE_ARCH = YES;
				SDKROOT = iphoneos;
			};
			name = Debug;
		};
		B9ACC0AA21A0E3AA00574C3F /* Release */ = {
			isa = XCBuildConfiguration;
			buildSettings = {
				ALWAYS_SEARCH_USER_PATHS = NO;
				CLANG_ANALYZER_NONNULL = YES;
				CLANG_ANALYZER_NUMBER_OBJECT_CONVERSION = YES_AGGRESSIVE;
				CLANG_CXX_LANGUAGE_STANDARD = "gnu++14";
				CLANG_CXX_LIBRARY = "libc++";
				CLANG_ENABLE_MODULES = YES;
				CLANG_ENABLE_OBJC_ARC = YES;
				CLANG_ENABLE_OBJC_WEAK = YES;
				CLANG_WARN_BLOCK_CAPTURE_AUTORELEASING = YES;
				CLANG_WARN_BOOL_CONVERSION = YES;
				CLANG_WARN_COMMA = YES;
				CLANG_WARN_CONSTANT_CONVERSION = YES;
				CLANG_WARN_DEPRECATED_OBJC_IMPLEMENTATIONS = YES;
				CLANG_WARN_DIRECT_OBJC_ISA_USAGE = YES_ERROR;
				CLANG_WARN_DOCUMENTATION_COMMENTS = YES;
				CLANG_WARN_EMPTY_BODY = YES;
				CLANG_WARN_ENUM_CONVERSION = YES;
				CLANG_WARN_INFINITE_RECURSION = YES;
				CLANG_WARN_INT_CONVERSION = YES;
				CLANG_WARN_NON_LITERAL_NULL_CONVERSION = YES;
				CLANG_WARN_OBJC_IMPLICIT_RETAIN_SELF = YES;
				CLANG_WARN_OBJC_LITERAL_CONVERSION = YES;
				CLANG_WARN_OBJC_ROOT_CLASS = YES_ERROR;
				CLANG_WARN_RANGE_LOOP_ANALYSIS = YES;
				CLANG_WARN_STRICT_PROTOTYPES = YES;
				CLANG_WARN_SUSPICIOUS_MOVE = YES;
				CLANG_WARN_UNGUARDED_AVAILABILITY = YES_AGGRESSIVE;
				CLANG_WARN_UNREACHABLE_CODE = YES;
				CLANG_WARN__DUPLICATE_METHOD_MATCH = YES;
				CODE_SIGN_IDENTITY = "iPhone Developer";
				COPY_PHASE_STRIP = NO;
				DEBUG_INFORMATION_FORMAT = "dwarf-with-dsym";
				ENABLE_NS_ASSERTIONS = NO;
				ENABLE_STRICT_OBJC_MSGSEND = YES;
				GCC_C_LANGUAGE_STANDARD = gnu11;
				GCC_NO_COMMON_BLOCKS = YES;
				GCC_WARN_64_TO_32_BIT_CONVERSION = YES;
				GCC_WARN_ABOUT_RETURN_TYPE = YES_ERROR;
				GCC_WARN_UNDECLARED_SELECTOR = YES;
				GCC_WARN_UNINITIALIZED_AUTOS = YES_AGGRESSIVE;
				GCC_WARN_UNUSED_FUNCTION = YES;
				GCC_WARN_UNUSED_VARIABLE = YES;
				IPHONEOS_DEPLOYMENT_TARGET = 12.1;
				MTL_ENABLE_DEBUG_INFO = NO;
				MTL_FAST_MATH = YES;
				SDKROOT = iphoneos;
				VALIDATE_PRODUCT = YES;
			};
			name = Release;
		};
		B9ACC0AC21A0E3AA00574C3F /* Debug */ = {
			isa = XCBuildConfiguration;
			buildSettings = {
				ASSETCATALOG_COMPILER_COMPLICATION_NAME = Complication;
				CODE_SIGN_STYLE = Automatic;
				DEVELOPMENT_TEAM = N9987K9442;
				INFOPLIST_FILE = "PlanetaryHourClock WatchKit Extension/Info.plist";
				LD_RUNPATH_SEARCH_PATHS = (
					"$(inherited)",
					"@executable_path/Frameworks",
					"@executable_path/../../Frameworks",
				);
				PRODUCT_BUNDLE_IDENTIFIER = com.blogspot.demonicactivity.bush.alan.james.PlanetaryHourClock.watchkitapp.watchkitextension;
				PRODUCT_NAME = "${TARGET_NAME}";
				SDKROOT = watchos;
				SKIP_INSTALL = YES;
				TARGETED_DEVICE_FAMILY = 4;
				WATCHOS_DEPLOYMENT_TARGET = 5.1;
			};
			name = Debug;
		};
		B9ACC0AD21A0E3AA00574C3F /* Release */ = {
			isa = XCBuildConfiguration;
			buildSettings = {
				ASSETCATALOG_COMPILER_COMPLICATION_NAME = Complication;
				CODE_SIGN_STYLE = Automatic;
				DEVELOPMENT_TEAM = N9987K9442;
				INFOPLIST_FILE = "PlanetaryHourClock WatchKit Extension/Info.plist";
				LD_RUNPATH_SEARCH_PATHS = (
					"$(inherited)",
					"@executable_path/Frameworks",
					"@executable_path/../../Frameworks",
				);
				PRODUCT_BUNDLE_IDENTIFIER = com.blogspot.demonicactivity.bush.alan.james.PlanetaryHourClock.watchkitapp.watchkitextension;
				PRODUCT_NAME = "${TARGET_NAME}";
				SDKROOT = watchos;
				SKIP_INSTALL = YES;
				TARGETED_DEVICE_FAMILY = 4;
				WATCHOS_DEPLOYMENT_TARGET = 5.1;
			};
			name = Release;
		};
		B9ACC0B021A0E3AA00574C3F /* Debug */ = {
			isa = XCBuildConfiguration;
			buildSettings = {
				ASSETCATALOG_COMPILER_APPICON_NAME = AppIcon;
				CODE_SIGN_STYLE = Automatic;
				DEVELOPMENT_TEAM = N9987K9442;
				IBSC_MODULE = PlanetaryHourClock_WatchKit_Extension;
				INFOPLIST_FILE = "PlanetaryHourClock WatchKit App/Info.plist";
				PRODUCT_BUNDLE_IDENTIFIER = com.blogspot.demonicactivity.bush.alan.james.PlanetaryHourClock.watchkitapp;
				PRODUCT_NAME = "$(TARGET_NAME)";
				SDKROOT = watchos;
				SKIP_INSTALL = YES;
				TARGETED_DEVICE_FAMILY = 4;
				WATCHOS_DEPLOYMENT_TARGET = 5.1;
			};
			name = Debug;
		};
		B9ACC0B121A0E3AA00574C3F /* Release */ = {
			isa = XCBuildConfiguration;
			buildSettings = {
				ASSETCATALOG_COMPILER_APPICON_NAME = AppIcon;
				CODE_SIGN_STYLE = Automatic;
				DEVELOPMENT_TEAM = N9987K9442;
				IBSC_MODULE = PlanetaryHourClock_WatchKit_Extension;
				INFOPLIST_FILE = "PlanetaryHourClock WatchKit App/Info.plist";
				PRODUCT_BUNDLE_IDENTIFIER = com.blogspot.demonicactivity.bush.alan.james.PlanetaryHourClock.watchkitapp;
				PRODUCT_NAME = "$(TARGET_NAME)";
				SDKROOT = watchos;
				SKIP_INSTALL = YES;
				TARGETED_DEVICE_FAMILY = 4;
				WATCHOS_DEPLOYMENT_TARGET = 5.1;
			};
			name = Release;
		};
		B9ACC0B421A0E3AA00574C3F /* Debug */ = {
			isa = XCBuildConfiguration;
			buildSettings = {
				ASSETCATALOG_COMPILER_APPICON_NAME = AppIcon;
				CODE_SIGN_STYLE = Automatic;
				DEVELOPMENT_TEAM = N9987K9442;
				INFOPLIST_FILE = PlanetaryHourClock/Info.plist;
				LD_RUNPATH_SEARCH_PATHS = (
					"$(inherited)",
					"@executable_path/Frameworks",
				);
				PRODUCT_BUNDLE_IDENTIFIER = com.blogspot.demonicactivity.bush.alan.james.PlanetaryHourClock;
				PRODUCT_NAME = "$(TARGET_NAME)";
				TARGETED_DEVICE_FAMILY = "1,2";
			};
			name = Debug;
		};
		B9ACC0B521A0E3AA00574C3F /* Release */ = {
			isa = XCBuildConfiguration;
			buildSettings = {
				ASSETCATALOG_COMPILER_APPICON_NAME = AppIcon;
				CODE_SIGN_STYLE = Automatic;
				DEVELOPMENT_TEAM = N9987K9442;
				INFOPLIST_FILE = PlanetaryHourClock/Info.plist;
				LD_RUNPATH_SEARCH_PATHS = (
					"$(inherited)",
					"@executable_path/Frameworks",
				);
				PRODUCT_BUNDLE_IDENTIFIER = com.blogspot.demonicactivity.bush.alan.james.PlanetaryHourClock;
				PRODUCT_NAME = "$(TARGET_NAME)";
				TARGETED_DEVICE_FAMILY = "1,2";
			};
			name = Release;
		};
/* End XCBuildConfiguration section */

/* Begin XCConfigurationList section */
		B9ACC06A21A0E3A800574C3F /* Build configuration list for PBXProject "PlanetaryHourClock" */ = {
			isa = XCConfigurationList;
			buildConfigurations = (
				B9ACC0A921A0E3AA00574C3F /* Debug */,
				B9ACC0AA21A0E3AA00574C3F /* Release */,
			);
			defaultConfigurationIsVisible = 0;
			defaultConfigurationName = Release;
		};
		B9ACC0AB21A0E3AA00574C3F /* Build configuration list for PBXNativeTarget "PlanetaryHourClock WatchKit Extension" */ = {
			isa = XCConfigurationList;
			buildConfigurations = (
				B9ACC0AC21A0E3AA00574C3F /* Debug */,
				B9ACC0AD21A0E3AA00574C3F /* Release */,
			);
			defaultConfigurationIsVisible = 0;
			defaultConfigurationName = Release;
		};
		B9ACC0AF21A0E3AA00574C3F /* Build configuration list for PBXNativeTarget "PlanetaryHourClock WatchKit App" */ = {
			isa = XCConfigurationList;
			buildConfigurations = (
				B9ACC0B021A0E3AA00574C3F /* Debug */,
				B9ACC0B121A0E3AA00574C3F /* Release */,
			);
			defaultConfigurationIsVisible = 0;
			defaultConfigurationName = Release;
		};
		B9ACC0B321A0E3AA00574C3F /* Build configuration list for PBXNativeTarget "PlanetaryHourClock" */ = {
			isa = XCConfigurationList;
			buildConfigurations = (
				B9ACC0B421A0E3AA00574C3F /* Debug */,
				B9ACC0B521A0E3AA00574C3F /* Release */,
			);
			defaultConfigurationIsVisible = 0;
			defaultConfigurationName = Release;
		};
/* End XCConfigurationList section */
	};
	rootObject = B9ACC06721A0E3A800574C3F /* Project object */;
}
